
Microsoft Visual Studio Solution File, Format Version 12.00
Project("{FAE04EC0-301F-11D3-BF4B-00C04F79EFBC}") = "Avito.Api", "Avito.Api\Avito.Api.csproj", "{B676B419-4ED7-4295-9AF7-8960B57F5B5A}"
EndProject
Project("{2150E333-8FDC-42A3-9474-1A3956D46DE8}") = "Avito.DAL", "Avito.DAL", "{02F4F153-2040-49DF-A6C2-CE98C0DDB9E7}"
EndProject
Project("{2150E333-8FDC-42A3-9474-1A3956D46DE8}") = "Avito.Domain", "Avito.Domain", "{C1BE15F8-1642-42AD-AF7E-8C0EDD52DA40}"
EndProject
Project("{FAE04EC0-301F-11D3-BF4B-00C04F79EFBC}") = "Avito.Domain", "Avito.Domain\Avito.Domain.csproj", "{1C1137AC-EEEF-452B-A842-BF8F884E9CEC}"
EndProject
Project("{FAE04EC0-301F-11D3-BF4B-00C04F79EFBC}") = "Avito.DAL", "Avito.DAL\Avito.DAL\Avito.DAL.csproj", "{2C25CE54-A5F8-40E3-AC05-B812A8A1FC0B}"
EndProject
Global
	GlobalSection(SolutionConfigurationPlatforms) = preSolution
		Debug|Any CPU = Debug|Any CPU
		Release|Any CPU = Release|Any CPU
	EndGlobalSection
	GlobalSection(ProjectConfigurationPlatforms) = postSolution
		{B676B419-4ED7-4295-9AF7-8960B57F5B5A}.Debug|Any CPU.ActiveCfg = Debug|Any CPU
		{B676B419-4ED7-4295-9AF7-8960B57F5B5A}.Debug|Any CPU.Build.0 = Debug|Any CPU
		{B676B419-4ED7-4295-9AF7-8960B57F5B5A}.Release|Any CPU.ActiveCfg = Release|Any CPU
		{B676B419-4ED7-4295-9AF7-8960B57F5B5A}.Release|Any CPU.Build.0 = Release|Any CPU
		{1C1137AC-EEEF-452B-A842-BF8F884E9CEC}.Debug|Any CPU.ActiveCfg = Debug|Any CPU
		{1C1137AC-EEEF-452B-A842-BF8F884E9CEC}.Debug|Any CPU.Build.0 = Debug|Any CPU
		{1C1137AC-EEEF-452B-A842-BF8F884E9CEC}.Release|Any CPU.ActiveCfg = Release|Any CPU
		{1C1137AC-EEEF-452B-A842-BF8F884E9CEC}.Release|Any CPU.Build.0 = Release|Any CPU
		{2C25CE54-A5F8-40E3-AC05-B812A8A1FC0B}.Debug|Any CPU.ActiveCfg = Debug|Any CPU
		{2C25CE54-A5F8-40E3-AC05-B812A8A1FC0B}.Debug|Any CPU.Build.0 = Debug|Any CPU
		{2C25CE54-A5F8-40E3-AC05-B812A8A1FC0B}.Release|Any CPU.ActiveCfg = Release|Any CPU
		{2C25CE54-A5F8-40E3-AC05-B812A8A1FC0B}.Release|Any CPU.Build.0 = Release|Any CPU
	EndGlobalSection
	GlobalSection(NestedProjects) = preSolution
		{1C1137AC-EEEF-452B-A842-BF8F884E9CEC} = {C1BE15F8-1642-42AD-AF7E-8C0EDD52DA40}
		{2C25CE54-A5F8-40E3-AC05-B812A8A1FC0B} = {02F4F153-2040-49DF-A6C2-CE98C0DDB9E7}
	EndGlobalSection
EndGlobal
