
Microsoft Visual Studio Solution File, Format Version 12.00
Project("{FAE04EC0-301F-11D3-BF4B-00C04F79EFBC}") = "Avito.Api", "Avito.Api\Avito.Api.csproj", "{B676B419-4ED7-4295-9AF7-8960B57F5B5A}"
EndProject
Project("{2150E333-8FDC-42A3-9474-1A3956D46DE8}") = "Avito.DAL", "Avito.DAL", "{02F4F153-2040-49DF-A6C2-CE98C0DDB9E7}"
EndProject
Project("{FAE04EC0-301F-11D3-BF4B-00C04F79EFBC}") = "Avito.DAL", "Avito.DAL\Avito.DAL.csproj", "{06B4BE25-38C9-4069-8691-CD4B80A49958}"
EndProject
Global
	GlobalSection(SolutionConfigurationPlatforms) = preSolution
		Debug|Any CPU = Debug|Any CPU
		Release|Any CPU = Release|Any CPU
	EndGlobalSection
	GlobalSection(ProjectConfigurationPlatforms) = postSolution
		{B676B419-4ED7-4295-9AF7-8960B57F5B5A}.Debug|Any CPU.ActiveCfg = Debug|Any CPU
		{B676B419-4ED7-4295-9AF7-8960B57F5B5A}.Debug|Any CPU.Build.0 = Debug|Any CPU
		{B676B419-4ED7-4295-9AF7-8960B57F5B5A}.Release|Any CPU.ActiveCfg = Release|Any CPU
		{B676B419-4ED7-4295-9AF7-8960B57F5B5A}.Release|Any CPU.Build.0 = Release|Any CPU
		{06B4BE25-38C9-4069-8691-CD4B80A49958}.Debug|Any CPU.ActiveCfg = Debug|Any CPU
		{06B4BE25-38C9-4069-8691-CD4B80A49958}.Debug|Any CPU.Build.0 = Debug|Any CPU
		{06B4BE25-38C9-4069-8691-CD4B80A49958}.Release|Any CPU.ActiveCfg = Release|Any CPU
		{06B4BE25-38C9-4069-8691-CD4B80A49958}.Release|Any CPU.Build.0 = Release|Any CPU
	EndGlobalSection
	GlobalSection(NestedProjects) = preSolution
		{06B4BE25-38C9-4069-8691-CD4B80A49958} = {02F4F153-2040-49DF-A6C2-CE98C0DDB9E7}
	EndGlobalSection
EndGlobal
